
Microsoft Visual Studio Solution File, Format Version 12.00
# Visual Studio Version 17
VisualStudioVersion = 17.2.32630.192
MinimumVisualStudioVersion = 10.0.40219.1
Project("{FAE04EC0-301F-11D3-BF4B-00C04F79EFBC}") = "Blood_Donor_Portal", "Blood_Donor_Portal\Blood_Donor_Portal.csproj", "{3A363DF7-E14B-4994-9568-D965398D30F6}"
EndProject
Global
	GlobalSection(SolutionConfigurationPlatforms) = preSolution
		Debug|Any CPU = Debug|Any CPU
		Release|Any CPU = Release|Any CPU
	EndGlobalSection
	GlobalSection(ProjectConfigurationPlatforms) = postSolution
		{3A363DF7-E14B-4994-9568-D965398D30F6}.Debug|Any CPU.ActiveCfg = Debug|Any CPU
		{3A363DF7-E14B-4994-9568-D965398D30F6}.Debug|Any CPU.Build.0 = Debug|Any CPU
		{3A363DF7-E14B-4994-9568-D965398D30F6}.Release|Any CPU.ActiveCfg = Release|Any CPU
		{3A363DF7-E14B-4994-9568-D965398D30F6}.Release|Any CPU.Build.0 = Release|Any CPU
	EndGlobalSection
	GlobalSection(SolutionProperties) = preSolution
		HideSolutionNode = FALSE
	EndGlobalSection
	GlobalSection(ExtensibilityGlobals) = postSolution
		SolutionGuid = {796634A0-A680-4297-BCA8-54662105FC17}
	EndGlobalSection
EndGlobal
